
Microsoft Visual Studio Solution File, Format Version 12.00
# Visual Studio Version 17
VisualStudioVersion = 17.9.34728.123
MinimumVisualStudioVersion = 10.0.40219.1
Project("{9A19103F-16F7-4668-BE54-9A1E7A4F7556}") = "DrinkShopV4ConsoleApp", "DrinkShopV4ConsoleApp\DrinkShopV4ConsoleApp.csproj", "{36396AB3-4D43-4DD4-8E9B-00F25677DFF8}"
EndProject
Project("{FAE04EC0-301F-11D3-BF4B-00C04F79EFBC}") = "TestDrinkShopV4ConsoleApp", "TestDrinkShopV4ConsoleApp\TestDrinkShopV4ConsoleApp.csproj", "{FC3EE37B-9E87-44A2-B5C5-33B3E453F691}"
EndProject
Global
	GlobalSection(SolutionConfigurationPlatforms) = preSolution
		Debug|Any CPU = Debug|Any CPU
		Release|Any CPU = Release|Any CPU
	EndGlobalSection
	GlobalSection(ProjectConfigurationPlatforms) = postSolution
		{36396AB3-4D43-4DD4-8E9B-00F25677DFF8}.Debug|Any CPU.ActiveCfg = Debug|Any CPU
		{36396AB3-4D43-4DD4-8E9B-00F25677DFF8}.Debug|Any CPU.Build.0 = Debug|Any CPU
		{36396AB3-4D43-4DD4-8E9B-00F25677DFF8}.Release|Any CPU.ActiveCfg = Release|Any CPU
		{36396AB3-4D43-4DD4-8E9B-00F25677DFF8}.Release|Any CPU.Build.0 = Release|Any CPU
		{FC3EE37B-9E87-44A2-B5C5-33B3E453F691}.Debug|Any CPU.ActiveCfg = Debug|Any CPU
		{FC3EE37B-9E87-44A2-B5C5-33B3E453F691}.Debug|Any CPU.Build.0 = Debug|Any CPU
		{FC3EE37B-9E87-44A2-B5C5-33B3E453F691}.Release|Any CPU.ActiveCfg = Release|Any CPU
		{FC3EE37B-9E87-44A2-B5C5-33B3E453F691}.Release|Any CPU.Build.0 = Release|Any CPU
	EndGlobalSection
	GlobalSection(SolutionProperties) = preSolution
		HideSolutionNode = FALSE
	EndGlobalSection
	GlobalSection(ExtensibilityGlobals) = postSolution
		SolutionGuid = {CD9099E8-1DB9-49C1-9130-35DC7D1B97CB}
	EndGlobalSection
EndGlobal
